// !$*UTF8*$!
{
	archiveVersion = 1;
	classes = {
	};
	objectVersion = 51;
	objects = {

/* Begin PBXBuildFile section */
		2B56C17B233BDCD4007586E4 /* AppDelegate.swift in Sources */ = {isa = PBXBuildFile; fileRef = 2B56C17A233BDCD4007586E4 /* AppDelegate.swift */; };
		2B56C17D233BDCD4007586E4 /* SceneDelegate.swift in Sources */ = {isa = PBXBuildFile; fileRef = 2B56C17C233BDCD4007586E4 /* SceneDelegate.swift */; };
		2B56C17F233BDCD4007586E4 /* ViewController.swift in Sources */ = {isa = PBXBuildFile; fileRef = 2B56C17E233BDCD4007586E4 /* ViewController.swift */; };
		2B56C182233BDCD4007586E4 /* Main.storyboard in Resources */ = {isa = PBXBuildFile; fileRef = 2B56C180233BDCD4007586E4 /* Main.storyboard */; };
		2B56C184233BDCD5007586E4 /* Assets.xcassets in Resources */ = {isa = PBXBuildFile; fileRef = 2B56C183233BDCD5007586E4 /* Assets.xcassets */; };
		2B56C187233BDCD5007586E4 /* LaunchScreen.storyboard in Resources */ = {isa = PBXBuildFile; fileRef = 2B56C185233BDCD5007586E4 /* LaunchScreen.storyboard */; };
		2B56C192233BDCD5007586E4 /* storyboardTests.swift in Sources */ = {isa = PBXBuildFile; fileRef = 2B56C191233BDCD5007586E4 /* storyboardTests.swift */; };
		2B56C19D233BDCD5007586E4 /* storyboardUITests.swift in Sources */ = {isa = PBXBuildFile; fileRef = 2B56C19C233BDCD5007586E4 /* storyboardUITests.swift */; };
		2B56C1AF233BDDDF007586E4 /* PhotoViewController.swift in Sources */ = {isa = PBXBuildFile; fileRef = 2B56C1AE233BDDDF007586E4 /* PhotoViewController.swift */; };
		2B56C1B1233BDE10007586E4 /* PhotoCell.swift in Sources */ = {isa = PBXBuildFile; fileRef = 2B56C1B0233BDE10007586E4 /* PhotoCell.swift */; };
		2BED14CC233C2D8900A45ACE /* PhotoDetailsViewController.swift in Sources */ = {isa = PBXBuildFile; fileRef = 2BED14CB233C2D8900A45ACE /* PhotoDetailsViewController.swift */; };
		6695B698A1649D7FAF323C8D /* Pods_storyboard.framework in Frameworks */ = {isa = PBXBuildFile; fileRef = C35E08876541806B726E5BD0 /* Pods_storyboard.framework */; };
		6F5A25C0A713905027A9F2B1 /* Pods_storyboardTests.framework in Frameworks */ = {isa = PBXBuildFile; fileRef = 4B14531F2B16F0D89B5F4A82 /* Pods_storyboardTests.framework */; };
		80F7B05B34141E7207FD0427 /* Pods_storyboard_storyboardUITests.framework in Frameworks */ = {isa = PBXBuildFile; fileRef = 5506E19644059DE25700D434 /* Pods_storyboard_storyboardUITests.framework */; };
/* End PBXBuildFile section */

/* Begin PBXContainerItemProxy section */
		2B56C18E233BDCD5007586E4 /* PBXContainerItemProxy */ = {
			isa = PBXContainerItemProxy;
			containerPortal = 2B56C16F233BDCD4007586E4 /* Project object */;
			proxyType = 1;
			remoteGlobalIDString = 2B56C176233BDCD4007586E4;
			remoteInfo = storyboard;
		};
		2B56C199233BDCD5007586E4 /* PBXContainerItemProxy */ = {
			isa = PBXContainerItemProxy;
			containerPortal = 2B56C16F233BDCD4007586E4 /* Project object */;
			proxyType = 1;
			remoteGlobalIDString = 2B56C176233BDCD4007586E4;
			remoteInfo = storyboard;
		};
/* End PBXContainerItemProxy section */

/* Begin PBXFileReference section */
		2B56C177233BDCD4007586E4 /* storyboard.app */ = {isa = PBXFileReference; explicitFileType = wrapper.application; includeInIndex = 0; path = storyboard.app; sourceTree = BUILT_PRODUCTS_DIR; };
		2B56C17A233BDCD4007586E4 /* AppDelegate.swift */ = {isa = PBXFileReference; lastKnownFileType = sourcecode.swift; path = AppDelegate.swift; sourceTree = "<group>"; };
		2B56C17C233BDCD4007586E4 /* SceneDelegate.swift */ = {isa = PBXFileReference; lastKnownFileType = sourcecode.swift; path = SceneDelegate.swift; sourceTree = "<group>"; };
		2B56C17E233BDCD4007586E4 /* ViewController.swift */ = {isa = PBXFileReference; lastKnownFileType = sourcecode.swift; path = ViewController.swift; sourceTree = "<group>"; };
		2B56C181233BDCD4007586E4 /* Base */ = {isa = PBXFileReference; lastKnownFileType = file.storyboard; name = Base; path = Base.lproj/Main.storyboard; sourceTree = "<group>"; };
		2B56C183233BDCD5007586E4 /* Assets.xcassets */ = {isa = PBXFileReference; lastKnownFileType = folder.assetcatalog; path = Assets.xcassets; sourceTree = "<group>"; };
		2B56C186233BDCD5007586E4 /* Base */ = {isa = PBXFileReference; lastKnownFileType = file.storyboard; name = Base; path = Base.lproj/LaunchScreen.storyboard; sourceTree = "<group>"; };
		2B56C188233BDCD5007586E4 /* Info.plist */ = {isa = PBXFileReference; lastKnownFileType = text.plist.xml; path = Info.plist; sourceTree = "<group>"; };
		2B56C18D233BDCD5007586E4 /* storyboardTests.xctest */ = {isa = PBXFileReference; explicitFileType = wrapper.cfbundle; includeInIndex = 0; path = storyboardTests.xctest; sourceTree = BUILT_PRODUCTS_DIR; };
		2B56C191233BDCD5007586E4 /* storyboardTests.swift */ = {isa = PBXFileReference; lastKnownFileType = sourcecode.swift; path = storyboardTests.swift; sourceTree = "<group>"; };
		2B56C193233BDCD5007586E4 /* Info.plist */ = {isa = PBXFileReference; lastKnownFileType = text.plist.xml; path = Info.plist; sourceTree = "<group>"; };
		2B56C198233BDCD5007586E4 /* storyboardUITests.xctest */ = {isa = PBXFileReference; explicitFileType = wrapper.cfbundle; includeInIndex = 0; path = storyboardUITests.xctest; sourceTree = BUILT_PRODUCTS_DIR; };
		2B56C19C233BDCD5007586E4 /* storyboardUITests.swift */ = {isa = PBXFileReference; lastKnownFileType = sourcecode.swift; path = storyboardUITests.swift; sourceTree = "<group>"; };
		2B56C19E233BDCD5007586E4 /* Info.plist */ = {isa = PBXFileReference; lastKnownFileType = text.plist.xml; path = Info.plist; sourceTree = "<group>"; };
		2B56C1AE233BDDDF007586E4 /* PhotoViewController.swift */ = {isa = PBXFileReference; lastKnownFileType = sourcecode.swift; path = PhotoViewController.swift; sourceTree = "<group>"; };
		2B56C1B0233BDE10007586E4 /* PhotoCell.swift */ = {isa = PBXFileReference; lastKnownFileType = sourcecode.swift; path = PhotoCell.swift; sourceTree = "<group>"; };
		2BED14CB233C2D8900A45ACE /* PhotoDetailsViewController.swift */ = {isa = PBXFileReference; lastKnownFileType = sourcecode.swift; path = PhotoDetailsViewController.swift; sourceTree = "<group>"; };
		2FAAFC27D91E1919C603CC85 /* Pods-storyboard.release.xcconfig */ = {isa = PBXFileReference; includeInIndex = 1; lastKnownFileType = text.xcconfig; name = "Pods-storyboard.release.xcconfig"; path = "Target Support Files/Pods-storyboard/Pods-storyboard.release.xcconfig"; sourceTree = "<group>"; };
		4B14531F2B16F0D89B5F4A82 /* Pods_storyboardTests.framework */ = {isa = PBXFileReference; explicitFileType = wrapper.framework; includeInIndex = 0; path = Pods_storyboardTests.framework; sourceTree = BUILT_PRODUCTS_DIR; };
		5506E19644059DE25700D434 /* Pods_storyboard_storyboardUITests.framework */ = {isa = PBXFileReference; explicitFileType = wrapper.framework; includeInIndex = 0; path = Pods_storyboard_storyboardUITests.framework; sourceTree = BUILT_PRODUCTS_DIR; };
		823BF86380ACB3606D569929 /* Pods-storyboardTests.debug.xcconfig */ = {isa = PBXFileReference; includeInIndex = 1; lastKnownFileType = text.xcconfig; name = "Pods-storyboardTests.debug.xcconfig"; path = "Target Support Files/Pods-storyboardTests/Pods-storyboardTests.debug.xcconfig"; sourceTree = "<group>"; };
		C35E08876541806B726E5BD0 /* Pods_storyboard.framework */ = {isa = PBXFileReference; explicitFileType = wrapper.framework; includeInIndex = 0; path = Pods_storyboard.framework; sourceTree = BUILT_PRODUCTS_DIR; };
		C3EF2B97BBA8EBBEB5F98461 /* Pods-storyboard.debug.xcconfig */ = {isa = PBXFileReference; includeInIndex = 1; lastKnownFileType = text.xcconfig; name = "Pods-storyboard.debug.xcconfig"; path = "Target Support Files/Pods-storyboard/Pods-storyboard.debug.xcconfig"; sourceTree = "<group>"; };
		D88EC78F92389D95771E57CB /* Pods-storyboard-storyboardUITests.debug.xcconfig */ = {isa = PBXFileReference; includeInIndex = 1; lastKnownFileType = text.xcconfig; name = "Pods-storyboard-storyboardUITests.debug.xcconfig"; path = "Target Support Files/Pods-storyboard-storyboardUITests/Pods-storyboard-storyboardUITests.debug.xcconfig"; sourceTree = "<group>"; };
		F161E6723D2CF16AD5645991 /* Pods-storyboard-storyboardUITests.release.xcconfig */ = {isa = PBXFileReference; includeInIndex = 1; lastKnownFileType = text.xcconfig; name = "Pods-storyboard-storyboardUITests.release.xcconfig"; path = "Target Support Files/Pods-storyboard-storyboardUITests/Pods-storyboard-storyboardUITests.release.xcconfig"; sourceTree = "<group>"; };
		F4A2593F1022DCC1ADB66CAE /* Pods-storyboardTests.release.xcconfig */ = {isa = PBXFileReference; includeInIndex = 1; lastKnownFileType = text.xcconfig; name = "Pods-storyboardTests.release.xcconfig"; path = "Target Support Files/Pods-storyboardTests/Pods-storyboardTests.release.xcconfig"; sourceTree = "<group>"; };
/* End PBXFileReference section */

/* Begin PBXFrameworksBuildPhase section */
		2B56C174233BDCD4007586E4 /* Frameworks */ = {
			isa = PBXFrameworksBuildPhase;
			buildActionMask = 2147483647;
			files = (
				6695B698A1649D7FAF323C8D /* Pods_storyboard.framework in Frameworks */,
			);
			runOnlyForDeploymentPostprocessing = 0;
		};
		2B56C18A233BDCD5007586E4 /* Frameworks */ = {
			isa = PBXFrameworksBuildPhase;
			buildActionMask = 2147483647;
			files = (
				6F5A25C0A713905027A9F2B1 /* Pods_storyboardTests.framework in Frameworks */,
			);
			runOnlyForDeploymentPostprocessing = 0;
		};
		2B56C195233BDCD5007586E4 /* Frameworks */ = {
			isa = PBXFrameworksBuildPhase;
			buildActionMask = 2147483647;
			files = (
				80F7B05B34141E7207FD0427 /* Pods_storyboard_storyboardUITests.framework in Frameworks */,
			);
			runOnlyForDeploymentPostprocessing = 0;
		};
/* End PBXFrameworksBuildPhase section */

/* Begin PBXGroup section */
		2B56C16E233BDCD4007586E4 = {
			isa = PBXGroup;
			children = (
				2B56C179233BDCD4007586E4 /* storyboard */,
				2B56C190233BDCD5007586E4 /* storyboardTests */,
				2B56C19B233BDCD5007586E4 /* storyboardUITests */,
				2B56C178233BDCD4007586E4 /* Products */,
				C901F7F71470905DE92ED3C6 /* Pods */,
				D928E1EEFAF3AEEF9AD701AA /* Frameworks */,
			);
			sourceTree = "<group>";
		};
		2B56C178233BDCD4007586E4 /* Products */ = {
			isa = PBXGroup;
			children = (
				2B56C177233BDCD4007586E4 /* storyboard.app */,
				2B56C18D233BDCD5007586E4 /* storyboardTests.xctest */,
				2B56C198233BDCD5007586E4 /* storyboardUITests.xctest */,
			);
			name = Products;
			sourceTree = "<group>";
		};
		2B56C179233BDCD4007586E4 /* storyboard */ = {
			isa = PBXGroup;
			children = (
				2B56C17A233BDCD4007586E4 /* AppDelegate.swift */,
				2B56C17C233BDCD4007586E4 /* SceneDelegate.swift */,
				2B56C17E233BDCD4007586E4 /* ViewController.swift */,
				2B56C180233BDCD4007586E4 /* Main.storyboard */,
				2B56C185233BDCD5007586E4 /* LaunchScreen.storyboard */,
				2B56C183233BDCD5007586E4 /* Assets.xcassets */,
				2B56C188233BDCD5007586E4 /* Info.plist */,
				2B56C1B0233BDE10007586E4 /* PhotoCell.swift */,
				2B56C1AE233BDDDF007586E4 /* PhotoViewController.swift */,
				2BED14CB233C2D8900A45ACE /* PhotoDetailsViewController.swift */,
			);
			path = storyboard;
			sourceTree = "<group>";
		};
		2B56C190233BDCD5007586E4 /* storyboardTests */ = {
			isa = PBXGroup;
			children = (
				2B56C191233BDCD5007586E4 /* storyboardTests.swift */,
				2B56C193233BDCD5007586E4 /* Info.plist */,
			);
			path = storyboardTests;
			sourceTree = "<group>";
		};
		2B56C19B233BDCD5007586E4 /* storyboardUITests */ = {
			isa = PBXGroup;
			children = (
				2B56C19C233BDCD5007586E4 /* storyboardUITests.swift */,
				2B56C19E233BDCD5007586E4 /* Info.plist */,
			);
			path = storyboardUITests;
			sourceTree = "<group>";
		};
		C901F7F71470905DE92ED3C6 /* Pods */ = {
			isa = PBXGroup;
			children = (
				C3EF2B97BBA8EBBEB5F98461 /* Pods-storyboard.debug.xcconfig */,
				2FAAFC27D91E1919C603CC85 /* Pods-storyboard.release.xcconfig */,
				D88EC78F92389D95771E57CB /* Pods-storyboard-storyboardUITests.debug.xcconfig */,
				F161E6723D2CF16AD5645991 /* Pods-storyboard-storyboardUITests.release.xcconfig */,
				823BF86380ACB3606D569929 /* Pods-storyboardTests.debug.xcconfig */,
				F4A2593F1022DCC1ADB66CAE /* Pods-storyboardTests.release.xcconfig */,
			);
			path = Pods;
			sourceTree = "<group>";
		};
		D928E1EEFAF3AEEF9AD701AA /* Frameworks */ = {
			isa = PBXGroup;
			children = (
				C35E08876541806B726E5BD0 /* Pods_storyboard.framework */,
				5506E19644059DE25700D434 /* Pods_storyboard_storyboardUITests.framework */,
				4B14531F2B16F0D89B5F4A82 /* Pods_storyboardTests.framework */,
			);
			name = Frameworks;
			sourceTree = "<group>";
		};
/* End PBXGroup section */

/* Begin PBXNativeTarget section */
		2B56C176233BDCD4007586E4 /* storyboard */ = {
			isa = PBXNativeTarget;
			buildConfigurationList = 2B56C1A1233BDCD5007586E4 /* Build configuration list for PBXNativeTarget "storyboard" */;
			buildPhases = (
				265DF81B827F48A8B27B29E8 /* [CP] Check Pods Manifest.lock */,
				2B56C173233BDCD4007586E4 /* Sources */,
				2B56C174233BDCD4007586E4 /* Frameworks */,
				2B56C175233BDCD4007586E4 /* Resources */,
				58FF6D747B552AD40B0E5182 /* [CP] Embed Pods Frameworks */,
			);
			buildRules = (
			);
			dependencies = (
			);
			name = storyboard;
			productName = storyboard;
			productReference = 2B56C177233BDCD4007586E4 /* storyboard.app */;
			productType = "com.apple.product-type.application";
		};
		2B56C18C233BDCD5007586E4 /* storyboardTests */ = {
			isa = PBXNativeTarget;
			buildConfigurationList = 2B56C1A4233BDCD5007586E4 /* Build configuration list for PBXNativeTarget "storyboardTests" */;
			buildPhases = (
				AF9DA5DA11C755B28791BFFE /* [CP] Check Pods Manifest.lock */,
				2B56C189233BDCD5007586E4 /* Sources */,
				2B56C18A233BDCD5007586E4 /* Frameworks */,
				2B56C18B233BDCD5007586E4 /* Resources */,
			);
			buildRules = (
			);
			dependencies = (
				2B56C18F233BDCD5007586E4 /* PBXTargetDependency */,
			);
			name = storyboardTests;
			productName = storyboardTests;
			productReference = 2B56C18D233BDCD5007586E4 /* storyboardTests.xctest */;
			productType = "com.apple.product-type.bundle.unit-test";
		};
		2B56C197233BDCD5007586E4 /* storyboardUITests */ = {
			isa = PBXNativeTarget;
			buildConfigurationList = 2B56C1A7233BDCD5007586E4 /* Build configuration list for PBXNativeTarget "storyboardUITests" */;
			buildPhases = (
				A2D3574423971A065F5CE152 /* [CP] Check Pods Manifest.lock */,
				2B56C194233BDCD5007586E4 /* Sources */,
				2B56C195233BDCD5007586E4 /* Frameworks */,
				2B56C196233BDCD5007586E4 /* Resources */,
				7B21D71747F14AFF6BDADBFD /* [CP] Embed Pods Frameworks */,
			);
			buildRules = (
			);
			dependencies = (
				2B56C19A233BDCD5007586E4 /* PBXTargetDependency */,
			);
			name = storyboardUITests;
			productName = storyboardUITests;
			productReference = 2B56C198233BDCD5007586E4 /* storyboardUITests.xctest */;
			productType = "com.apple.product-type.bundle.ui-testing";
		};
/* End PBXNativeTarget section */

/* Begin PBXProject section */
		2B56C16F233BDCD4007586E4 /* Project object */ = {
			isa = PBXProject;
			attributes = {
				LastSwiftUpdateCheck = 1100;
				LastUpgradeCheck = 1100;
				ORGANIZATIONNAME = "Lucid Lactose";
				TargetAttributes = {
					2B56C176233BDCD4007586E4 = {
						CreatedOnToolsVersion = 11.0;
					};
					2B56C18C233BDCD5007586E4 = {
						CreatedOnToolsVersion = 11.0;
						TestTargetID = 2B56C176233BDCD4007586E4;
					};
					2B56C197233BDCD5007586E4 = {
						CreatedOnToolsVersion = 11.0;
						TestTargetID = 2B56C176233BDCD4007586E4;
					};
				};
			};
			buildConfigurationList = 2B56C172233BDCD4007586E4 /* Build configuration list for PBXProject "storyboard" */;
			compatibilityVersion = "Xcode 9.3";
			developmentRegion = en;
			hasScannedForEncodings = 0;
			knownRegions = (
				en,
				Base,
			);
			mainGroup = 2B56C16E233BDCD4007586E4;
			productRefGroup = 2B56C178233BDCD4007586E4 /* Products */;
			projectDirPath = "";
			projectRoot = "";
			targets = (
				2B56C176233BDCD4007586E4 /* storyboard */,
				2B56C18C233BDCD5007586E4 /* storyboardTests */,
				2B56C197233BDCD5007586E4 /* storyboardUITests */,
			);
		};
/* End PBXProject section */

/* Begin PBXResourcesBuildPhase section */
		2B56C175233BDCD4007586E4 /* Resources */ = {
			isa = PBXResourcesBuildPhase;
			buildActionMask = 2147483647;
			files = (
				2B56C187233BDCD5007586E4 /* LaunchScreen.storyboard in Resources */,
				2B56C184233BDCD5007586E4 /* Assets.xcassets in Resources */,
				2B56C182233BDCD4007586E4 /* Main.storyboard in Resources */,
			);
			runOnlyForDeploymentPostprocessing = 0;
		};
		2B56C18B233BDCD5007586E4 /* Resources */ = {
			isa = PBXResourcesBuildPhase;
			buildActionMask = 2147483647;
			files = (
			);
			runOnlyForDeploymentPostprocessing = 0;
		};
		2B56C196233BDCD5007586E4 /* Resources */ = {
			isa = PBXResourcesBuildPhase;
			buildActionMask = 2147483647;
			files = (
			);
			runOnlyForDeploymentPostprocessing = 0;
		};
/* End PBXResourcesBuildPhase section */

/* Begin PBXShellScriptBuildPhase section */
		265DF81B827F48A8B27B29E8 /* [CP] Check Pods Manifest.lock */ = {
			isa = PBXShellScriptBuildPhase;
			buildActionMask = 2147483647;
			files = (
			);
			inputFileListPaths = (
			);
			inputPaths = (
				"${PODS_PODFILE_DIR_PATH}/Podfile.lock",
				"${PODS_ROOT}/Manifest.lock",
			);
			name = "[CP] Check Pods Manifest.lock";
			outputFileListPaths = (
			);
			outputPaths = (
				"$(DERIVED_FILE_DIR)/Pods-storyboard-checkManifestLockResult.txt",
			);
			runOnlyForDeploymentPostprocessing = 0;
			shellPath = /bin/sh;
			shellScript = "diff \"${PODS_PODFILE_DIR_PATH}/Podfile.lock\" \"${PODS_ROOT}/Manifest.lock\" > /dev/null\nif [ $? != 0 ] ; then\n    # print error to STDERR\n    echo \"error: The sandbox is not in sync with the Podfile.lock. Run 'pod install' or update your CocoaPods installation.\" >&2\n    exit 1\nfi\n# This output is used by Xcode 'outputs' to avoid re-running this script phase.\necho \"SUCCESS\" > \"${SCRIPT_OUTPUT_FILE_0}\"\n";
			showEnvVarsInLog = 0;
		};
		58FF6D747B552AD40B0E5182 /* [CP] Embed Pods Frameworks */ = {
			isa = PBXShellScriptBuildPhase;
			buildActionMask = 2147483647;
			files = (
			);
			inputFileListPaths = (
				"${PODS_ROOT}/Target Support Files/Pods-storyboard/Pods-storyboard-frameworks-${CONFIGURATION}-input-files.xcfilelist",
			);
			name = "[CP] Embed Pods Frameworks";
			outputFileListPaths = (
				"${PODS_ROOT}/Target Support Files/Pods-storyboard/Pods-storyboard-frameworks-${CONFIGURATION}-output-files.xcfilelist",
			);
			runOnlyForDeploymentPostprocessing = 0;
			shellPath = /bin/sh;
			shellScript = "\"${PODS_ROOT}/Target Support Files/Pods-storyboard/Pods-storyboard-frameworks.sh\"\n";
			showEnvVarsInLog = 0;
		};
		7B21D71747F14AFF6BDADBFD /* [CP] Embed Pods Frameworks */ = {
			isa = PBXShellScriptBuildPhase;
			buildActionMask = 2147483647;
			files = (
			);
			inputFileListPaths = (
				"${PODS_ROOT}/Target Support Files/Pods-storyboard-storyboardUITests/Pods-storyboard-storyboardUITests-frameworks-${CONFIGURATION}-input-files.xcfilelist",
			);
			name = "[CP] Embed Pods Frameworks";
			outputFileListPaths = (
				"${PODS_ROOT}/Target Support Files/Pods-storyboard-storyboardUITests/Pods-storyboard-storyboardUITests-frameworks-${CONFIGURATION}-output-files.xcfilelist",
			);
			runOnlyForDeploymentPostprocessing = 0;
			shellPath = /bin/sh;
			shellScript = "\"${PODS_ROOT}/Target Support Files/Pods-storyboard-storyboardUITests/Pods-storyboard-storyboardUITests-frameworks.sh\"\n";
			showEnvVarsInLog = 0;
		};
		A2D3574423971A065F5CE152 /* [CP] Check Pods Manifest.lock */ = {
			isa = PBXShellScriptBuildPhase;
			buildActionMask = 2147483647;
			files = (
			);
			inputFileListPaths = (
			);
			inputPaths = (
				"${PODS_PODFILE_DIR_PATH}/Podfile.lock",
				"${PODS_ROOT}/Manifest.lock",
			);
			name = "[CP] Check Pods Manifest.lock";
			outputFileListPaths = (
			);
			outputPaths = (
				"$(DERIVED_FILE_DIR)/Pods-storyboard-storyboardUITests-checkManifestLockResult.txt",
			);
			runOnlyForDeploymentPostprocessing = 0;
			shellPath = /bin/sh;
			shellScript = "diff \"${PODS_PODFILE_DIR_PATH}/Podfile.lock\" \"${PODS_ROOT}/Manifest.lock\" > /dev/null\nif [ $? != 0 ] ; then\n    # print error to STDERR\n    echo \"error: The sandbox is not in sync with the Podfile.lock. Run 'pod install' or update your CocoaPods installation.\" >&2\n    exit 1\nfi\n# This output is used by Xcode 'outputs' to avoid re-running this script phase.\necho \"SUCCESS\" > \"${SCRIPT_OUTPUT_FILE_0}\"\n";
			showEnvVarsInLog = 0;
		};
		AF9DA5DA11C755B28791BFFE /* [CP] Check Pods Manifest.lock */ = {
			isa = PBXShellScriptBuildPhase;
			buildActionMask = 2147483647;
			files = (
			);
			inputFileListPaths = (
			);
			inputPaths = (
				"${PODS_PODFILE_DIR_PATH}/Podfile.lock",
				"${PODS_ROOT}/Manifest.lock",
			);
			name = "[CP] Check Pods Manifest.lock";
			outputFileListPaths = (
			);
			outputPaths = (
				"$(DERIVED_FILE_DIR)/Pods-storyboardTests-checkManifestLockResult.txt",
			);
			runOnlyForDeploymentPostprocessing = 0;
			shellPath = /bin/sh;
			shellScript = "diff \"${PODS_PODFILE_DIR_PATH}/Podfile.lock\" \"${PODS_ROOT}/Manifest.lock\" > /dev/null\nif [ $? != 0 ] ; then\n    # print error to STDERR\n    echo \"error: The sandbox is not in sync with the Podfile.lock. Run 'pod install' or update your CocoaPods installation.\" >&2\n    exit 1\nfi\n# This output is used by Xcode 'outputs' to avoid re-running this script phase.\necho \"SUCCESS\" > \"${SCRIPT_OUTPUT_FILE_0}\"\n";
			showEnvVarsInLog = 0;
		};
/* End PBXShellScriptBuildPhase section */

/* Begin PBXSourcesBuildPhase section */
		2B56C173233BDCD4007586E4 /* Sources */ = {
			isa = PBXSourcesBuildPhase;
			buildActionMask = 2147483647;
			files = (
				2B56C17F233BDCD4007586E4 /* ViewController.swift in Sources */,
				2B56C1B1233BDE10007586E4 /* PhotoCell.swift in Sources */,
				2BED14CC233C2D8900A45ACE /* PhotoDetailsViewController.swift in Sources */,
				2B56C1AF233BDDDF007586E4 /* PhotoViewController.swift in Sources */,
				2B56C17B233BDCD4007586E4 /* AppDelegate.swift in Sources */,
				2B56C17D233BDCD4007586E4 /* SceneDelegate.swift in Sources */,
			);
			runOnlyForDeploymentPostprocessing = 0;
		};
		2B56C189233BDCD5007586E4 /* Sources */ = {
			isa = PBXSourcesBuildPhase;
			buildActionMask = 2147483647;
			files = (
				2B56C192233BDCD5007586E4 /* storyboardTests.swift in Sources */,
			);
			runOnlyForDeploymentPostprocessing = 0;
		};
		2B56C194233BDCD5007586E4 /* Sources */ = {
			isa = PBXSourcesBuildPhase;
			buildActionMask = 2147483647;
			files = (
				2B56C19D233BDCD5007586E4 /* storyboardUITests.swift in Sources */,
			);
			runOnlyForDeploymentPostprocessing = 0;
		};
/* End PBXSourcesBuildPhase section */

/* Begin PBXTargetDependency section */
		2B56C18F233BDCD5007586E4 /* PBXTargetDependency */ = {
			isa = PBXTargetDependency;
			target = 2B56C176233BDCD4007586E4 /* storyboard */;
			targetProxy = 2B56C18E233BDCD5007586E4 /* PBXContainerItemProxy */;
		};
		2B56C19A233BDCD5007586E4 /* PBXTargetDependency */ = {
			isa = PBXTargetDependency;
			target = 2B56C176233BDCD4007586E4 /* storyboard */;
			targetProxy = 2B56C199233BDCD5007586E4 /* PBXContainerItemProxy */;
		};
/* End PBXTargetDependency section */

/* Begin PBXVariantGroup section */
		2B56C180233BDCD4007586E4 /* Main.storyboard */ = {
			isa = PBXVariantGroup;
			children = (
				2B56C181233BDCD4007586E4 /* Base */,
			);
			name = Main.storyboard;
			sourceTree = "<group>";
		};
		2B56C185233BDCD5007586E4 /* LaunchScreen.storyboard */ = {
			isa = PBXVariantGroup;
			children = (
				2B56C186233BDCD5007586E4 /* Base */,
			);
			name = LaunchScreen.storyboard;
			sourceTree = "<group>";
		};
/* End PBXVariantGroup section */

/* Begin XCBuildConfiguration section */
		2B56C19F233BDCD5007586E4 /* Debug */ = {
			isa = XCBuildConfiguration;
			buildSettings = {
				ALWAYS_SEARCH_USER_PATHS = NO;
				CLANG_ANALYZER_NONNULL = YES;
				CLANG_ANALYZER_NUMBER_OBJECT_CONVERSION = YES_AGGRESSIVE;
				CLANG_CXX_LANGUAGE_STANDARD = "gnu++14";
				CLANG_CXX_LIBRARY = "libc++";
				CLANG_ENABLE_MODULES = YES;
				CLANG_ENABLE_OBJC_ARC = YES;
				CLANG_ENABLE_OBJC_WEAK = YES;
				CLANG_WARN_BLOCK_CAPTURE_AUTORELEASING = YES;
				CLANG_WARN_BOOL_CONVERSION = YES;
				CLANG_WARN_COMMA = YES;
				CLANG_WARN_CONSTANT_CONVERSION = YES;
				CLANG_WARN_DEPRECATED_OBJC_IMPLEMENTATIONS = YES;
				CLANG_WARN_DIRECT_OBJC_ISA_USAGE = YES_ERROR;
				CLANG_WARN_DOCUMENTATION_COMMENTS = YES;
				CLANG_WARN_EMPTY_BODY = YES;
				CLANG_WARN_ENUM_CONVERSION = YES;
				CLANG_WARN_INFINITE_RECURSION = YES;
				CLANG_WARN_INT_CONVERSION = YES;
				CLANG_WARN_NON_LITERAL_NULL_CONVERSION = YES;
				CLANG_WARN_OBJC_IMPLICIT_RETAIN_SELF = YES;
				CLANG_WARN_OBJC_LITERAL_CONVERSION = YES;
				CLANG_WARN_OBJC_ROOT_CLASS = YES_ERROR;
				CLANG_WARN_RANGE_LOOP_ANALYSIS = YES;
				CLANG_WARN_STRICT_PROTOTYPES = YES;
				CLANG_WARN_SUSPICIOUS_MOVE = YES;
				CLANG_WARN_UNGUARDED_AVAILABILITY = YES_AGGRESSIVE;
				CLANG_WARN_UNREACHABLE_CODE = YES;
				CLANG_WARN__DUPLICATE_METHOD_MATCH = YES;
				COPY_PHASE_STRIP = NO;
				DEBUG_INFORMATION_FORMAT = dwarf;
				ENABLE_STRICT_OBJC_MSGSEND = YES;
				ENABLE_TESTABILITY = YES;
				GCC_C_LANGUAGE_STANDARD = gnu11;
				GCC_DYNAMIC_NO_PIC = NO;
				GCC_NO_COMMON_BLOCKS = YES;
				GCC_OPTIMIZATION_LEVEL = 0;
				GCC_PREPROCESSOR_DEFINITIONS = (
					"DEBUG=1",
					"$(inherited)",
				);
				GCC_WARN_64_TO_32_BIT_CONVERSION = YES;
				GCC_WARN_ABOUT_RETURN_TYPE = YES_ERROR;
				GCC_WARN_UNDECLARED_SELECTOR = YES;
				GCC_WARN_UNINITIALIZED_AUTOS = YES_AGGRESSIVE;
				GCC_WARN_UNUSED_FUNCTION = YES;
				GCC_WARN_UNUSED_VARIABLE = YES;
				IPHONEOS_DEPLOYMENT_TARGET = 13.0;
				MTL_ENABLE_DEBUG_INFO = INCLUDE_SOURCE;
				MTL_FAST_MATH = YES;
				ONLY_ACTIVE_ARCH = YES;
				SDKROOT = iphoneos;
				SWIFT_ACTIVE_COMPILATION_CONDITIONS = DEBUG;
				SWIFT_OPTIMIZATION_LEVEL = "-Onone";
			};
			name = Debug;
		};
		2B56C1A0233BDCD5007586E4 /* Release */ = {
			isa = XCBuildConfiguration;
			buildSettings = {
				ALWAYS_SEARCH_USER_PATHS = NO;
				CLANG_ANALYZER_NONNULL = YES;
				CLANG_ANALYZER_NUMBER_OBJECT_CONVERSION = YES_AGGRESSIVE;
				CLANG_CXX_LANGUAGE_STANDARD = "gnu++14";
				CLANG_CXX_LIBRARY = "libc++";
				CLANG_ENABLE_MODULES = YES;
				CLANG_ENABLE_OBJC_ARC = YES;
				CLANG_ENABLE_OBJC_WEAK = YES;
				CLANG_WARN_BLOCK_CAPTURE_AUTORELEASING = YES;
				CLANG_WARN_BOOL_CONVERSION = YES;
				CLANG_WARN_COMMA = YES;
				CLANG_WARN_CONSTANT_CONVERSION = YES;
				CLANG_WARN_DEPRECATED_OBJC_IMPLEMENTATIONS = YES;
				CLANG_WARN_DIRECT_OBJC_ISA_USAGE = YES_ERROR;
				CLANG_WARN_DOCUMENTATION_COMMENTS = YES;
				CLANG_WARN_EMPTY_BODY = YES;
				CLANG_WARN_ENUM_CONVERSION = YES;
				CLANG_WARN_INFINITE_RECURSION = YES;
				CLANG_WARN_INT_CONVERSION = YES;
				CLANG_WARN_NON_LITERAL_NULL_CONVERSION = YES;
				CLANG_WARN_OBJC_IMPLICIT_RETAIN_SELF = YES;
				CLANG_WARN_OBJC_LITERAL_CONVERSION = YES;
				CLANG_WARN_OBJC_ROOT_CLASS = YES_ERROR;
				CLANG_WARN_RANGE_LOOP_ANALYSIS = YES;
				CLANG_WARN_STRICT_PROTOTYPES = YES;
				CLANG_WARN_SUSPICIOUS_MOVE = YES;
				CLANG_WARN_UNGUARDED_AVAILABILITY = YES_AGGRESSIVE;
				CLANG_WARN_UNREACHABLE_CODE = YES;
				CLANG_WARN__DUPLICATE_METHOD_MATCH = YES;
				COPY_PHASE_STRIP = NO;
				DEBUG_INFORMATION_FORMAT = "dwarf-with-dsym";
				ENABLE_NS_ASSERTIONS = NO;
				ENABLE_STRICT_OBJC_MSGSEND = YES;
				GCC_C_LANGUAGE_STANDARD = gnu11;
				GCC_NO_COMMON_BLOCKS = YES;
				GCC_WARN_64_TO_32_BIT_CONVERSION = YES;
				GCC_WARN_ABOUT_RETURN_TYPE = YES_ERROR;
				GCC_WARN_UNDECLARED_SELECTOR = YES;
				GCC_WARN_UNINITIALIZED_AUTOS = YES_AGGRESSIVE;
				GCC_WARN_UNUSED_FUNCTION = YES;
				GCC_WARN_UNUSED_VARIABLE = YES;
				IPHONEOS_DEPLOYMENT_TARGET = 13.0;
				MTL_ENABLE_DEBUG_INFO = NO;
				MTL_FAST_MATH = YES;
				SDKROOT = iphoneos;
				SWIFT_COMPILATION_MODE = wholemodule;
				SWIFT_OPTIMIZATION_LEVEL = "-O";
				VALIDATE_PRODUCT = YES;
			};
			name = Release;
		};
		2B56C1A2233BDCD5007586E4 /* Debug */ = {
			isa = XCBuildConfiguration;
			baseConfigurationReference = C3EF2B97BBA8EBBEB5F98461 /* Pods-storyboard.debug.xcconfig */;
			buildSettings = {
				ASSETCATALOG_COMPILER_APPICON_NAME = AppIcon;
				CODE_SIGN_STYLE = Automatic;
				INFOPLIST_FILE = storyboard/Info.plist;
				LD_RUNPATH_SEARCH_PATHS = (
					"$(inherited)",
					"@executable_path/Frameworks",
				);
				PRODUCT_BUNDLE_IDENTIFIER = tumblr.storyboard;
				PRODUCT_NAME = "$(TARGET_NAME)";
				SWIFT_VERSION = 5.0;
				TARGETED_DEVICE_FAMILY = "1,2";
			};
			name = Debug;
		};
		2B56C1A3233BDCD5007586E4 /* Release */ = {
			isa = XCBuildConfiguration;
			baseConfigurationReference = 2FAAFC27D91E1919C603CC85 /* Pods-storyboard.release.xcconfig */;
			buildSettings = {
				ASSETCATALOG_COMPILER_APPICON_NAME = AppIcon;
				CODE_SIGN_STYLE = Automatic;
				INFOPLIST_FILE = storyboard/Info.plist;
				LD_RUNPATH_SEARCH_PATHS = (
					"$(inherited)",
					"@executable_path/Frameworks",
				);
				PRODUCT_BUNDLE_IDENTIFIER = tumblr.storyboard;
				PRODUCT_NAME = "$(TARGET_NAME)";
				SWIFT_VERSION = 5.0;
				TARGETED_DEVICE_FAMILY = "1,2";
			};
			name = Release;
		};
		2B56C1A5233BDCD5007586E4 /* Debug */ = {
			isa = XCBuildConfiguration;
			baseConfigurationReference = 823BF86380ACB3606D569929 /* Pods-storyboardTests.debug.xcconfig */;
			buildSettings = {
				ALWAYS_EMBED_SWIFT_STANDARD_LIBRARIES = YES;
				BUNDLE_LOADER = "$(TEST_HOST)";
				CODE_SIGN_STYLE = Automatic;
				INFOPLIST_FILE = storyboardTests/Info.plist;
				IPHONEOS_DEPLOYMENT_TARGET = 13.0;
				LD_RUNPATH_SEARCH_PATHS = (
					"$(inherited)",
					"@executable_path/Frameworks",
					"@loader_path/Frameworks",
				);
				PRODUCT_BUNDLE_IDENTIFIER = tumblr.storyboardTests;
				PRODUCT_NAME = "$(TARGET_NAME)";
				SWIFT_VERSION = 5.0;
				TARGETED_DEVICE_FAMILY = "1,2";
				TEST_HOST = "$(BUILT_PRODUCTS_DIR)/storyboard.app/storyboard";
			};
			name = Debug;
		};
		2B56C1A6233BDCD5007586E4 /* Release */ = {
			isa = XCBuildConfiguration;
			baseConfigurationReference = F4A2593F1022DCC1ADB66CAE /* Pods-storyboardTests.release.xcconfig */;
			buildSettings = {
				ALWAYS_EMBED_SWIFT_STANDARD_LIBRARIES = YES;
				BUNDLE_LOADER = "$(TEST_HOST)";
				CODE_SIGN_STYLE = Automatic;
				INFOPLIST_FILE = storyboardTests/Info.plist;
				IPHONEOS_DEPLOYMENT_TARGET = 13.0;
				LD_RUNPATH_SEARCH_PATHS = (
					"$(inherited)",
					"@executable_path/Frameworks",
					"@loader_path/Frameworks",
				);
				PRODUCT_BUNDLE_IDENTIFIER = tumblr.storyboardTests;
				PRODUCT_NAME = "$(TARGET_NAME)";
				SWIFT_VERSION = 5.0;
				TARGETED_DEVICE_FAMILY = "1,2";
				TEST_HOST = "$(BUILT_PRODUCTS_DIR)/storyboard.app/storyboard";
			};
			name = Release;
		};
		2B56C1A8233BDCD5007586E4 /* Debug */ = {
			isa = XCBuildConfiguration;
			baseConfigurationReference = D88EC78F92389D95771E57CB /* Pods-storyboard-storyboardUITests.debug.xcconfig */;
			buildSettings = {
				ALWAYS_EMBED_SWIFT_STANDARD_LIBRARIES = YES;
				CODE_SIGN_STYLE = Automatic;
				INFOPLIST_FILE = storyboardUITests/Info.plist;
				LD_RUNPATH_SEARCH_PATHS = (
					"$(inherited)",
					"@executable_path/Frameworks",
					"@loader_path/Frameworks",
				);
				PRODUCT_BUNDLE_IDENTIFIER = tumblr.storyboardUITests;
				PRODUCT_NAME = "$(TARGET_NAME)";
				SWIFT_VERSION = 5.0;
				TARGETED_DEVICE_FAMILY = "1,2";
				TEST_TARGET_NAME = storyboard;
			};
			name = Debug;
		};
		2B56C1A9233BDCD5007586E4 /* Release */ = {
			isa = XCBuildConfiguration;
			baseConfigurationReference = F161E6723D2CF16AD5645991 /* Pods-storyboard-storyboardUITests.release.xcconfig */;
			buildSettings = {
				ALWAYS_EMBED_SWIFT_STANDARD_LIBRARIES = YES;
				CODE_SIGN_STYLE = Automatic;
				INFOPLIST_FILE = storyboardUITests/Info.plist;
				LD_RUNPATH_SEARCH_PATHS = (
					"$(inherited)",
					"@executable_path/Frameworks",
					"@loader_path/Frameworks",
				);
				PRODUCT_BUNDLE_IDENTIFIER = tumblr.storyboardUITests;
				PRODUCT_NAME = "$(TARGET_NAME)";
				SWIFT_VERSION = 5.0;
				TARGETED_DEVICE_FAMILY = "1,2";
				TEST_TARGET_NAME = storyboard;
			};
			name = Release;
		};
/* End XCBuildConfiguration section */

/* Begin XCConfigurationList section */
		2B56C172233BDCD4007586E4 /* Build configuration list for PBXProject "storyboard" */ = {
			isa = XCConfigurationList;
			buildConfigurations = (
				2B56C19F233BDCD5007586E4 /* Debug */,
				2B56C1A0233BDCD5007586E4 /* Release */,
			);
			defaultConfigurationIsVisible = 0;
			defaultConfigurationName = Release;
		};
		2B56C1A1233BDCD5007586E4 /* Build configuration list for PBXNativeTarget "storyboard" */ = {
			isa = XCConfigurationList;
			buildConfigurations = (
				2B56C1A2233BDCD5007586E4 /* Debug */,
				2B56C1A3233BDCD5007586E4 /* Release */,
			);
			defaultConfigurationIsVisible = 0;
			defaultConfigurationName = Release;
		};
		2B56C1A4233BDCD5007586E4 /* Build configuration list for PBXNativeTarget "storyboardTests" */ = {
			isa = XCConfigurationList;
			buildConfigurations = (
				2B56C1A5233BDCD5007586E4 /* Debug */,
				2B56C1A6233BDCD5007586E4 /* Release */,
			);
			defaultConfigurationIsVisible = 0;
			defaultConfigurationName = Release;
		};
		2B56C1A7233BDCD5007586E4 /* Build configuration list for PBXNativeTarget "storyboardUITests" */ = {
			isa = XCConfigurationList;
			buildConfigurations = (
				2B56C1A8233BDCD5007586E4 /* Debug */,
				2B56C1A9233BDCD5007586E4 /* Release */,
			);
			defaultConfigurationIsVisible = 0;
			defaultConfigurationName = Release;
		};
/* End XCConfigurationList section */
	};
	rootObject = 2B56C16F233BDCD4007586E4 /* Project object */;
}
